Microsoft Visual Studio Solution File, Format Version 12.00
# Visual Studio Version 17
VisualStudioVersion = 17.0.32014.148
MinimumVisualStudioVersion = 10.0.40219.1
Project("{9A19103F-16F7-4668-BE54-9A1E7A4F7556}") = "FlowerBI.Engine", "FlowerBI.Engine\FlowerBI.Engine.csproj", "{FF228AA3-C02C-42FB-BCF7-735346C28526}"
EndProject
Project("{9A19103F-16F7-4668-BE54-9A1E7A4F7556}") = "FlowerBI.Tools", "FlowerBI.Tools\FlowerBI.Tools.csproj", "{6124A78A-35C0-493C-9BD6-C87D404D4EEA}"
EndProject
Project("{9A19103F-16F7-4668-BE54-9A1E7A4F7556}") = "FlowerBI.Engine.Tests", "FlowerBI.Engine.Tests\FlowerBI.Engine.Tests.csproj", "{9E0B5978-1BDA-4AD8-B33E-E4F0D703C4AC}"
EndProject
Project("{2150E333-8FDC-42A3-9474-1A3956D46DE8}") = "Demo", "Demo", "{E644175B-627B-4906-AB01-8B16156E0E97}"
EndProject
Project("{9A19103F-16F7-4668-BE54-9A1E7A4F7556}") = "FlowerBI.DemoSchema", "Demo\FlowerBI.DemoSchema\FlowerBI.DemoSchema.csproj", "{57583F0E-D94F-4B6F-9E14-8D79D31E92BC}"
EndProject
Project("{9A19103F-16F7-4668-BE54-9A1E7A4F7556}") = "FlowerBI.WasmHost", "Demo\FlowerBI.WasmHost\FlowerBI.WasmHost.csproj", "{E29281C5-CA04-4E22-B17F-35A65D1A09C1}"
EndProject
Global
	GlobalSection(SolutionConfigurationPlatforms) = preSolution
		Debug|Any CPU = Debug|Any CPU
		Release|Any CPU = Release|Any CPU
	EndGlobalSection
	GlobalSection(ProjectConfigurationPlatforms) = postSolution
		{FF228AA3-C02C-42FB-BCF7-735346C28526}.Debug|Any CPU.ActiveCfg = Debug|Any CPU
		{FF228AA3-C02C-42FB-BCF7-735346C28526}.Debug|Any CPU.Build.0 = Debug|Any CPU
		{FF228AA3-C02C-42FB-BCF7-735346C28526}.Release|Any CPU.ActiveCfg = Release|Any CPU
		{FF228AA3-C02C-42FB-BCF7-735346C28526}.Release|Any CPU.Build.0 = Release|Any CPU
		{6124A78A-35C0-493C-9BD6-C87D404D4EEA}.Debug|Any CPU.ActiveCfg = Debug|Any CPU
		{6124A78A-35C0-493C-9BD6-C87D404D4EEA}.Debug|Any CPU.Build.0 = Debug|Any CPU
		{6124A78A-35C0-493C-9BD6-C87D404D4EEA}.Release|Any CPU.ActiveCfg = Release|Any CPU
		{6124A78A-35C0-493C-9BD6-C87D404D4EEA}.Release|Any CPU.Build.0 = Release|Any CPU
		{9E0B5978-1BDA-4AD8-B33E-E4F0D703C4AC}.Debug|Any CPU.ActiveCfg = Debug|Any CPU
		{9E0B5978-1BDA-4AD8-B33E-E4F0D703C4AC}.Debug|Any CPU.Build.0 = Debug|Any CPU
		{9E0B5978-1BDA-4AD8-B33E-E4F0D703C4AC}.Release|Any CPU.ActiveCfg = Release|Any CPU
		{9E0B5978-1BDA-4AD8-B33E-E4F0D703C4AC}.Release|Any CPU.Build.0 = Release|Any CPU
		{57583F0E-D94F-4B6F-9E14-8D79D31E92BC}.Debug|Any CPU.ActiveCfg = Debug|Any CPU
		{57583F0E-D94F-4B6F-9E14-8D79D31E92BC}.Debug|Any CPU.Build.0 = Debug|Any CPU
		{57583F0E-D94F-4B6F-9E14-8D79D31E92BC}.Release|Any CPU.ActiveCfg = Release|Any CPU
		{57583F0E-D94F-4B6F-9E14-8D79D31E92BC}.Release|Any CPU.Build.0 = Release|Any CPU
		{E29281C5-CA04-4E22-B17F-35A65D1A09C1}.Debug|Any CPU.ActiveCfg = Debug|Any CPU
		{E29281C5-CA04-4E22-B17F-35A65D1A09C1}.Debug|Any CPU.Build.0 = Debug|Any CPU
		{E29281C5-CA04-4E22-B17F-35A65D1A09C1}.Release|Any CPU.ActiveCfg = Release|Any CPU
		{E29281C5-CA04-4E22-B17F-35A65D1A09C1}.Release|Any CPU.Build.0 = Release|Any CPU
	EndGlobalSection
	GlobalSection(SolutionProperties) = preSolution
		HideSolutionNode = FALSE
	EndGlobalSection
	GlobalSection(NestedProjects) = preSolution
		{57583F0E-D94F-4B6F-9E14-8D79D31E92BC} = {E644175B-627B-4906-AB01-8B16156E0E97}
		{E29281C5-CA04-4E22-B17F-35A65D1A09C1} = {E644175B-627B-4906-AB01-8B16156E0E97}
	EndGlobalSection
	GlobalSection(ExtensibilityGlobals) = postSolution
		SolutionGuid = {67375ABD-C51B-42BE-B668-1A6B4AB663BA}
	EndGlobalSection
EndGlobal
